lockfileVersion: 5.3

specifiers:
  prosemirror-example-setup: ^1.2.1
  prosemirror-inputrules: ^1.2.0
  prosemirror-markdown: ^1.10.0
  prosemirror-model: ^1.18.1
  prosemirror-state: ^1.4.1
  prosemirror-view: ^1.29.0
  punycode: ^2.1.1

dependencies:
  prosemirror-example-setup: 1.2.1
  prosemirror-inputrules: 1.2.0
  prosemirror-markdown: 1.10.0
  prosemirror-model: 1.18.1
  prosemirror-state: 1.4.1
  prosemirror-view: 1.29.0
  punycode: 2.1.1

packages:

  /argparse/2.0.1:
    resolution: {integrity: sha512-8+9WqebbFzpX9OR+Wa6O29asIogeRMzcGtAINdpMHHyAg10f05aSFVBbcEqGf/PXw1EjAZ+q2/bEBg3DvurK3Q==}
    dev: false

  /crelt/1.0.5:
    resolution: {integrity: sha512-+BO9wPPi+DWTDcNYhr/W90myha8ptzftZT+LwcmUbbok0rcP/fequmFYCw8NMoH7pkAZQzU78b3kYrlua5a9eA==}
    dev: false

  /entities/3.0.1:
    resolution: {integrity: sha512-WiyBqoomrwMdFG1e0kqvASYfnlb0lp8M5o5Fw2OFq1hNZxxcNk8Ik0Xm7LxzBhuidnZB/UtBqVCgUz3kBOP51Q==}
    engines: {node: '>=0.12'}
    dev: false

  /linkify-it/4.0.1:
    resolution: {integrity: sha512-C7bfi1UZmoj8+PQx22XyeXCuBlokoyWQL5pWSP+EI6nzRylyThouddufc2c1NDIcP9k5agmN9fLpA7VNJfIiqw==}
    dependencies:
      uc.micro: 1.0.6
    dev: false

  /markdown-it/13.0.1:
    resolution: {integrity: sha512-lTlxriVoy2criHP0JKRhO2VDG9c2ypWCsT237eDiLqi09rmbKoUetyGHq2uOIRoRS//kfoJckS0eUzzkDR+k2Q==}
    hasBin: true
    dependencies:
      argparse: 2.0.1
      entities: 3.0.1
      linkify-it: 4.0.1
      mdurl: 1.0.1
      uc.micro: 1.0.6
    dev: false

  /mdurl/1.0.1:
    resolution: {integrity: sha512-/sKlQJCBYVY9Ers9hqzKou4H6V5UWc/M59TH2dvkt+84itfnq7uFOMLpOiOS4ujvHP4etln18fmIxA5R5fll0g==}
    dev: false

  /orderedmap/2.1.0:
    resolution: {integrity: sha512-/pIFexOm6S70EPdznemIz3BQZoJ4VTFrhqzu0ACBqBgeLsLxq8e6Jim63ImIfwW/zAD1AlXpRMlOv3aghmo4dA==}
    dev: false

  /prosemirror-commands/1.3.1:
    resolution: {integrity: sha512-XTporPgoECkOQACVw0JTe3RZGi+fls3/byqt+tXwGTkD7qLuB4KdVrJamDMJf4kfKga3uB8hZ+kUUyZ5oWpnfg==}
    dependencies:
      prosemirror-model: 1.18.1
      prosemirror-state: 1.4.1
      prosemirror-transform: 1.7.0
    dev: false

  /prosemirror-dropcursor/1.6.0:
    resolution: {integrity: sha512-2vj5tYDXADpd6Acg5iuZV2/3dEBy9s3tRUju6lQPOlKYSvJd7Tsz9c4uLS+L9ZCJndyW0EBrT+PadarHa1G30Q==}
    dependencies:
      prosemirror-state: 1.4.1
      prosemirror-transform: 1.7.0
      prosemirror-view: 1.29.0
    dev: false

  /prosemirror-example-setup/1.2.1:
    resolution: {integrity: sha512-sxFBVjxP+Mgd7sPigjN4QenrEn8e1vgX/YWsB+Bv6nPZf9Eakx7TDdjLPs+7v/iCXFqCdRX7C20LcYdUQhvWpA==}
    dependencies:
      prosemirror-commands: 1.3.1
      prosemirror-dropcursor: 1.6.0
      prosemirror-gapcursor: 1.3.1
      prosemirror-history: 1.3.0
      prosemirror-inputrules: 1.2.0
      prosemirror-keymap: 1.2.0
      prosemirror-menu: 1.2.1
      prosemirror-schema-list: 1.2.2
      prosemirror-state: 1.4.1
    dev: false

  /prosemirror-gapcursor/1.3.1:
    resolution: {integrity: sha512-GKTeE7ZoMsx5uVfc51/ouwMFPq0o8YrZ7Hx4jTF4EeGbXxBveUV8CGv46mSHuBBeXGmvu50guoV2kSnOeZZnUA==}
    dependencies:
      prosemirror-keymap: 1.2.0
      prosemirror-model: 1.18.1
      prosemirror-state: 1.4.1
      prosemirror-view: 1.29.0
    dev: false

  /prosemirror-history/1.3.0:
    resolution: {integrity: sha512-qo/9Wn4B/Bq89/YD+eNWFbAytu6dmIM85EhID+fz9Jcl9+DfGEo8TTSrRhP15+fFEoaPqpHSxlvSzSEbmlxlUA==}
    dependencies:
      prosemirror-state: 1.4.1
      prosemirror-transform: 1.7.0
      rope-sequence: 1.3.3
    dev: false

  /prosemirror-inputrules/1.2.0:
    resolution: {integrity: sha512-eAW/M/NTSSzpCOxfR8Abw6OagdG0MiDAiWHQMQveIsZtoKVYzm0AflSPq/ymqJd56/Su1YPbwy9lM13wgHOFmQ==}
    dependencies:
      prosemirror-state: 1.4.1
      prosemirror-transform: 1.7.0
    dev: false

  /prosemirror-keymap/1.2.0:
    resolution: {integrity: sha512-TdSfu+YyLDd54ufN/ZeD1VtBRYpgZnTPnnbY+4R08DDgs84KrIPEPbJL8t1Lm2dkljFx6xeBE26YWH3aIzkPKg==}
    dependencies:
      prosemirror-state: 1.4.1
      w3c-keyname: 2.2.6
    dev: false

  /prosemirror-markdown/1.10.0:
    resolution: {integrity: sha512-gm2tDHpZM3BOghe4Fnfnt/CIWR7Y7wTjyD9UaiBK/4amqtwaUtK9H2zLDlBUalfYPF+I2f+yP6togX7GYxlhuA==}
    dependencies:
      markdown-it: 13.0.1
      prosemirror-model: 1.18.1
    dev: false

  /prosemirror-menu/1.2.1:
    resolution: {integrity: sha512-sBirXxVfHalZO4f1ZS63WzewINK4182+7dOmoMeBkqYO8wqMBvBS7wQuwVOHnkMWPEh0+N0LJ856KYUN+vFkmQ==}
    dependencies:
      crelt: 1.0.5
      prosemirror-commands: 1.3.1
      prosemirror-history: 1.3.0
      prosemirror-state: 1.4.1
    dev: false

  /prosemirror-model/1.18.1:
    resolution: {integrity: sha512-IxSVBKAEMjD7s3n8cgtwMlxAXZrC7Mlag7zYsAKDndAqnDScvSmp/UdnRTV/B33lTCVU3CCm7dyAn/rVVD0mcw==}
    dependencies:
      orderedmap: 2.1.0
    dev: false

  /prosemirror-schema-list/1.2.2:
    resolution: {integrity: sha512-rd0pqSDp86p0MUMKG903g3I9VmElFkQpkZ2iOd3EOVg1vo5Cst51rAsoE+5IPy0LPXq64eGcCYlW1+JPNxOj2w==}
    dependencies:
      prosemirror-model: 1.18.1
      prosemirror-state: 1.4.1
      prosemirror-transform: 1.7.0
    dev: false

  /prosemirror-state/1.4.1:
    resolution: {integrity: sha512-U/LBDW2gNmVa07sz/D229XigSdDQ5CLFwVB1Vb32MJbAHHhWe/6pOc721faI17tqw4pZ49i1xfY/jEZ9tbIhPg==}
    dependencies:
      prosemirror-model: 1.18.1
      prosemirror-transform: 1.7.0
    dev: false

  /prosemirror-transform/1.7.0:
    resolution: {integrity: sha512-O4T697Cqilw06Zvc3Wm+e237R6eZtJL/xGMliCi+Uo8VL6qHk6afz1qq0zNjT3eZMuYwnP8ZS0+YxX/tfcE9TQ==}
    dependencies:
      prosemirror-model: 1.18.1
    dev: false

  /prosemirror-view/1.29.0:
    resolution: {integrity: sha512-bifVd5aD9uCNtpLL1AyhquG/cVbNZSv+ALBxTEGYv51a6OHDhq+aOuzqq4MermNdeBdT+5uyURXCALgzk0EN5g==}
    dependencies:
      prosemirror-model: 1.18.1
      prosemirror-state: 1.4.1
      prosemirror-transform: 1.7.0
    dev: false

  /punycode/2.1.1:
    resolution: {integrity: sha512-XRsRjdf+j5ml+y/6GKHPZbrF/8p2Yga0JPtdqTIY2Xe5ohJPD9saDJJLPvp9+NSBprVvevdXZybnj2cv8OEd0A==}
    engines: {node: '>=6'}
    dev: false

  /rope-sequence/1.3.3:
    resolution: {integrity: sha512-85aZYCxweiD5J8yTEbw+E6A27zSnLPNDL0WfPdw3YYodq7WjnTKo0q4dtyQ2gz23iPT8Q9CUyJtAaUNcTxRf5Q==}
    dev: false

  /uc.micro/1.0.6:
    resolution: {integrity: sha512-8Y75pvTYkLJW2hWQHXxoqRgV7qb9B+9vFEtidML+7koHUFapnVJAZ6cKs+Qjz5Aw3aZWHMC6u0wJE3At+nSGwA==}
    dev: false

  /w3c-keyname/2.2.6:
    resolution: {integrity: sha512-f+fciywl1SJEniZHD6H+kUO8gOnwIr7f4ijKA6+ZvJFjeGi1r4PDLl53Ayud9O/rk64RqgoQine0feoeOU0kXg==}
    dev: false
